{
  "name": "driverjs",
  "lockfileVersion": 2,
  "requires": true,
  "packages": {
    "": {
      "dependencies": {
        "driver.js": "^0.9.8",
        "driver.js-cb": "^0.9.9",
        "jquery": "^3.6.0"
      }
    },
    "node_modules/driver.js": {
      "version": "0.9.8",
      "resolved": "https://registry.npmjs.org/driver.js/-/driver.js-0.9.8.tgz",
      "integrity": "sha512-bczjyKdX6XmFyCDkwtRmlaORDwfBk1xXmRO0CAe5VwNQTM98aWaG2LAIiIdTe53iV/B7W5lXlIy2xYtf0JRb7Q=="
    },
    "node_modules/driver.js-cb": {
      "version": "0.9.9",
      "resolved": "https://registry.npmjs.org/driver.js-cb/-/driver.js-cb-0.9.9.tgz",
      "integrity": "sha512-U9i5SfQg0ojlwVdofOqlQOHYEMeGV8wVap5lcsywt8rddD5Sx86TJddMLvHN/IiVHV8dC4v1drc4o/ZmQGQ35w=="
    },
    "node_modules/jquery": {
      "version": "3.6.0",
      "resolved": "https://registry.npmjs.org/jquery/-/jquery-3.6.0.tgz",
      "integrity": "sha512-JVzAR/AjBvVt2BmYhxRCSYysDsPcssdmTFnzyLEts9qNwmjmu4JTAMYubEfwVOSwpQ1I1sKKFcxhZCI2buerfw=="
    }
  },
  "dependencies": {
    "driver.js": {
      "version": "0.9.8",
      "resolved": "https://registry.npmjs.org/driver.js/-/driver.js-0.9.8.tgz",
      "integrity": "sha512-bczjyKdX6XmFyCDkwtRmlaORDwfBk1xXmRO0CAe5VwNQTM98aWaG2LAIiIdTe53iV/B7W5lXlIy2xYtf0JRb7Q=="
    },
    "driver.js-cb": {
      "version": "0.9.9",
      "resolved": "https://registry.npmjs.org/driver.js-cb/-/driver.js-cb-0.9.9.tgz",
      "integrity": "sha512-U9i5SfQg0ojlwVdofOqlQOHYEMeGV8wVap5lcsywt8rddD5Sx86TJddMLvHN/IiVHV8dC4v1drc4o/ZmQGQ35w=="
    },
    "jquery": {
      "version": "3.6.0",
      "resolved": "https://registry.npmjs.org/jquery/-/jquery-3.6.0.tgz",
      "integrity": "sha512-JVzAR/AjBvVt2BmYhxRCSYysDsPcssdmTFnzyLEts9qNwmjmu4JTAMYubEfwVOSwpQ1I1sKKFcxhZCI2buerfw=="
    }
  }
}
